{
  "name": "backend",
  "version": "1.0.0",
  "lockfileVersion": 2,
  "requires": true,
  "packages": {
    "": {
      "name": "backend",
      "version": "1.0.0",
      "license": "MIT",
      "dependencies": {
        "@types/express": "^4.17.13",
        "@types/node": "^18.0.0",
        "dotenv": "^16.0.1",
        "express": "^4.18.1",
        "nodemon": "^2.0.16",
        "pg": "^8.7.3",
        "reflect-metadata": "^0.1.13",
        "ts-node": "^10.8.1",
        "typeorm": "^0.3.6",
        "typescript": "^4.7.3"
      }
    },
    "../../node_modules/.pnpm/@types+express@4.17.13/node_modules/@types/express": {
      "version": "4.17.13",
      "license": "MIT",
      "dependencies": {
        "@types/body-parser": "*",
        "@types/express-serve-static-core": "^4.17.18",
        "@types/qs": "*",
        "@types/serve-static": "*"
      }
    },
    "../../node_modules/.pnpm/@types+node@18.0.0/node_modules/@types/node": {
      "version": "18.0.0",
      "license": "MIT"
    },
    "../../node_modules/.pnpm/dotenv@16.0.1/node_modules/dotenv": {
      "version": "16.0.1",
      "license": "BSD-2-Clause",
      "devDependencies": {
        "@types/node": "^17.0.9",
        "decache": "^4.6.1",
        "dtslint": "^3.7.0",
        "sinon": "^12.0.1",
        "standard": "^16.0.4",
        "standard-markdown": "^7.1.0",
        "standard-version": "^9.3.2",
        "tap": "^15.1.6",
        "tar": "^6.1.11",
        "typescript": "^4.5.4"
      },
      "engines": {
        "node": ">=12"
      }
    },
    "../../node_modules/.pnpm/express@4.18.1/node_modules/express": {
      "version": "4.18.1",
      "license": "MIT",
      "dependencies": {
        "accepts": "~1.3.8",
        "array-flatten": "1.1.1",
        "body-parser": "1.20.0",
        "content-disposition": "0.5.4",
        "content-type": "~1.0.4",
        "cookie": "0.5.0",
        "cookie-signature": "1.0.6",
        "debug": "2.6.9",
        "depd": "2.0.0",
        "encodeurl": "~1.0.2",
        "escape-html": "~1.0.3",
        "etag": "~1.8.1",
        "finalhandler": "1.2.0",
        "fresh": "0.5.2",
        "http-errors": "2.0.0",
        "merge-descriptors": "1.0.1",
        "methods": "~1.1.2",
        "on-finished": "2.4.1",
        "parseurl": "~1.3.3",
        "path-to-regexp": "0.1.7",
        "proxy-addr": "~2.0.7",
        "qs": "6.10.3",
        "range-parser": "~1.2.1",
        "safe-buffer": "5.2.1",
        "send": "0.18.0",
        "serve-static": "1.15.0",
        "setprototypeof": "1.2.0",
        "statuses": "2.0.1",
        "type-is": "~1.6.18",
        "utils-merge": "1.0.1",
        "vary": "~1.1.2"
      },
      "devDependencies": {
        "after": "0.8.2",
        "connect-redis": "3.4.2",
        "cookie-parser": "1.4.6",
        "cookie-session": "2.0.0",
        "ejs": "3.1.7",
        "eslint": "7.32.0",
        "express-session": "1.17.2",
        "hbs": "4.2.0",
        "marked": "0.7.0",
        "method-override": "3.0.0",
        "mocha": "9.2.2",
        "morgan": "1.10.0",
        "multiparty": "4.2.3",
        "nyc": "15.1.0",
        "pbkdf2-password": "1.2.1",
        "supertest": "6.2.3",
        "vhost": "~3.0.2"
      },
      "engines": {
        "node": ">= 0.10.0"
      }
    },
    "../../node_modules/.pnpm/nodemon@2.0.16/node_modules/nodemon": {
      "version": "2.0.16",
      "hasInstallScript": true,
      "license": "MIT",
      "dependencies": {
        "chokidar": "^3.5.2",
        "debug": "^3.2.7",
        "ignore-by-default": "^1.0.1",
        "minimatch": "^3.0.4",
        "pstree.remy": "^1.1.8",
        "semver": "^5.7.1",
        "supports-color": "^5.5.0",
        "touch": "^3.1.0",
        "undefsafe": "^2.0.5",
        "update-notifier": "^5.1.0"
      },
      "bin": {
        "nodemon": "bin/nodemon.js"
      },
      "devDependencies": {
        "@commitlint/cli": "^11.0.0",
        "@commitlint/config-conventional": "^11.0.0",
        "async": "1.4.2",
        "coffee-script": "~1.7.1",
        "eslint": "^7.32.0",
        "husky": "^7.0.4",
        "mocha": "^2.5.3",
        "nyc": "^15.1.0",
        "proxyquire": "^1.8.0",
        "semantic-release": "^18.0.0",
        "should": "~4.0.0"
      },
      "engines": {
        "node": ">=8.10.0"
      },
      "funding": {
        "type": "opencollective",
        "url": "https://opencollective.com/nodemon"
      }
    },
    "../../node_modules/.pnpm/pg@8.7.3/node_modules/pg": {
      "version": "8.7.3",
      "license": "MIT",
      "dependencies": {
        "buffer-writer": "2.0.0",
        "packet-reader": "1.0.0",
        "pg-connection-string": "^2.5.0",
        "pg-pool": "^3.5.1",
        "pg-protocol": "^1.5.0",
        "pg-types": "^2.1.0",
        "pgpass": "1.x"
      },
      "devDependencies": {
        "async": "0.9.0",
        "bluebird": "3.5.2",
        "co": "4.6.0",
        "pg-copy-streams": "0.3.0"
      },
      "engines": {
        "node": ">= 8.0.0"
      },
      "peerDependencies": {
        "pg-native": ">=2.0.0"
      },
      "peerDependenciesMeta": {
        "pg-native": {
          "optional": true
        }
      }
    },
    "../../node_modules/.pnpm/reflect-metadata@0.1.13/node_modules/reflect-metadata": {
      "version": "0.1.13",
      "license": "Apache-2.0",
      "devDependencies": {
        "@types/chai": "^3.4.34",
        "@types/mocha": "^2.2.34",
        "@types/node": "^6.0.52",
        "chai": "^3.5.0",
        "del": "^2.2.2",
        "ecmarkup": "^3.9.3",
        "gulp": "^3.9.1",
        "gulp-emu": "^1.1.0",
        "gulp-live-server": "0.0.30",
        "gulp-mocha": "^3.0.1",
        "gulp-rename": "^1.2.2",
        "gulp-sequence": "^0.4.6",
        "gulp-tsb": "^2.0.3",
        "mocha": "^3.2.0",
        "typescript": "^2.1.4"
      }
    },
    "../../node_modules/.pnpm/ts-node@10.8.1_b7efa985ab8492bc20421895ecc875ff/node_modules/ts-node": {
      "version": "10.8.1",
      "license": "MIT",
      "dependencies": {
        "@cspotcode/source-map-support": "^0.8.0",
        "@tsconfig/node10": "^1.0.7",
        "@tsconfig/node12": "^1.0.7",
        "@tsconfig/node14": "^1.0.0",
        "@tsconfig/node16": "^1.0.2",
        "acorn": "^8.4.1",
        "acorn-walk": "^8.1.1",
        "arg": "^4.1.0",
        "create-require": "^1.1.0",
        "diff": "^4.0.1",
        "make-error": "^1.1.1",
        "v8-compile-cache-lib": "^3.0.1",
        "yn": "3.1.1"
      },
      "bin": {
        "ts-node": "dist/bin.js",
        "ts-node-cwd": "dist/bin-cwd.js",
        "ts-node-esm": "dist/bin-esm.js",
        "ts-node-script": "dist/bin-script.js",
        "ts-node-transpile-only": "dist/bin-transpile.js",
        "ts-script": "dist/bin-script-deprecated.js"
      },
      "devDependencies": {
        "@microsoft/api-extractor": "^7.19.4",
        "@swc/core": ">=1.2.50",
        "@swc/wasm": ">=1.2.50",
        "@types/diff": "^4.0.2",
        "@types/lodash": "^4.14.151",
        "@types/node": "13.13.5",
        "@types/proper-lockfile": "^4.1.2",
        "@types/proxyquire": "^1.3.28",
        "@types/react": "^16.14.19",
        "@types/rimraf": "^3.0.0",
        "@types/semver": "^7.1.0",
        "@yarnpkg/fslib": "^2.4.0",
        "ava": "^3.15.0",
        "axios": "^0.21.1",
        "dprint": "^0.25.0",
        "expect": "^27.0.2",
        "get-stream": "^6.0.0",
        "lodash": "^4.17.15",
        "ntypescript": "^1.201507091536.1",
        "nyc": "^15.0.1",
        "proper-lockfile": "^4.1.2",
        "proxyquire": "^2.0.0",
        "react": "^16.14.0",
        "rimraf": "^3.0.0",
        "semver": "^7.1.3",
        "throat": "^6.0.1",
        "typedoc": "^0.22.10",
        "typescript": "4.7.2",
        "typescript-json-schema": "^0.53.0",
        "util.promisify": "^1.0.1"
      },
      "peerDependencies": {
        "@swc/core": ">=1.2.50",
        "@swc/wasm": ">=1.2.50",
        "@types/node": "*",
        "typescript": ">=2.7"
      },
      "peerDependenciesMeta": {
        "@swc/core": {
          "optional": true
        },
        "@swc/wasm": {
          "optional": true
        }
      }
    },
    "../../node_modules/.pnpm/typeorm@0.3.6_pg@8.7.3+ts-node@10.8.1/node_modules/typeorm": {
      "version": "0.3.6",
      "license": "MIT",
      "dependencies": {
        "@sqltools/formatter": "^1.2.2",
        "app-root-path": "^3.0.0",
        "buffer": "^6.0.3",
        "chalk": "^4.1.0",
        "cli-highlight": "^2.1.11",
        "date-fns": "^2.28.0",
        "debug": "^4.3.3",
        "dotenv": "^16.0.0",
        "glob": "^7.2.0",
        "js-yaml": "^4.1.0",
        "mkdirp": "^1.0.4",
        "reflect-metadata": "^0.1.13",
        "sha.js": "^2.4.11",
        "tslib": "^2.3.1",
        "uuid": "^8.3.2",
        "xml2js": "^0.4.23",
        "yargs": "^17.3.1"
      },
      "bin": {
        "typeorm": "cli.js",
        "typeorm-ts-node-commonjs": "cli-ts-node-commonjs.js",
        "typeorm-ts-node-esm": "cli-ts-node-esm.js"
      },
      "devDependencies": {
        "@types/app-root-path": "^1.2.4",
        "@types/chai": "^4.2.15",
        "@types/chai-as-promised": "^7.1.3",
        "@types/debug": "^4.1.5",
        "@types/js-yaml": "^4.0.0",
        "@types/mkdirp": "^1.0.1",
        "@types/mocha": "^8.2.1",
        "@types/node": "^14.14.31",
        "@types/rimraf": "^3.0.0",
        "@types/sha.js": "^2.4.0",
        "@types/sinon": "^9.0.10",
        "@types/source-map-support": "^0.5.3",
        "@types/uuid": "^8.3.4",
        "@types/xml2js": "^0.4.8",
        "@types/yargs": "^17.0.2",
        "better-sqlite3": "^7.1.2",
        "chai": "^4.3.0",
        "chai-as-promised": "^7.1.1",
        "class-transformer": "^0.4.0",
        "conventional-changelog-angular": "^5.0.12",
        "conventional-changelog-cli": "^2.1.1",
        "del": "^6.0.0",
        "gulp": "^4.0.2",
        "gulp-istanbul": "^1.1.3",
        "gulp-mocha": "^8.0.0",
        "gulp-rename": "^2.0.0",
        "gulp-replace": "^1.0.0",
        "gulp-shell": "^0.8.0",
        "gulp-sourcemaps": "^3.0.0",
        "gulp-typescript": "^6.0.0-alpha.1",
        "gulpclass": "^0.2.0",
        "husky": "^5.1.1",
        "mocha": "^8.3.0",
        "mongodb": "^3.6.4",
        "mssql": "^7.3.0",
        "mysql": "^2.18.1",
        "mysql2": "^2.2.5",
        "pg": "^8.5.1",
        "pg-query-stream": "^4.0.0",
        "prettier": "^2.5.1",
        "redis": "^3.1.1",
        "remap-istanbul": "^0.13.0",
        "rimraf": "^3.0.2",
        "sinon": "^9.2.4",
        "sinon-chai": "^3.5.0",
        "source-map-support": "^0.5.19",
        "sql.js": "^1.4.0",
        "sqlite3": "^5.0.2",
        "ts-node": "^10.7.0",
        "typeorm-aurora-data-api-driver": "^2.0.0",
        "typescript": "^4.6.2"
      },
      "engines": {
        "node": ">= 12.9.0"
      },
      "funding": {
        "url": "https://opencollective.com/typeorm"
      },
      "peerDependencies": {
        "@google-cloud/spanner": "^5.18.0",
        "@sap/hana-client": "^2.11.14",
        "better-sqlite3": "^7.1.2",
        "hdb-pool": "^0.1.6",
        "ioredis": "^4.28.3",
        "mongodb": "^3.6.0",
        "mssql": "^6.3.1",
        "mysql2": "^2.2.5",
        "oracledb": "^5.1.0",
        "pg": "^8.5.1",
        "pg-native": "^3.0.0",
        "pg-query-stream": "^4.0.0",
        "redis": "^3.1.1 || ^4.0.0",
        "sql.js": "^1.4.0",
        "sqlite3": "^5.0.2",
        "ts-node": "^10.7.0",
        "typeorm-aurora-data-api-driver": "^2.0.0"
      },
      "peerDependenciesMeta": {
        "@google-cloud/spanner": {
          "optional": true
        },
        "@sap/hana-client": {
          "optional": true
        },
        "better-sqlite3": {
          "optional": true
        },
        "hdb-pool": {
          "optional": true
        },
        "ioredis": {
          "optional": true
        },
        "mongodb": {
          "optional": true
        },
        "mssql": {
          "optional": true
        },
        "mysql2": {
          "optional": true
        },
        "oracledb": {
          "optional": true
        },
        "pg": {
          "optional": true
        },
        "pg-native": {
          "optional": true
        },
        "pg-query-stream": {
          "optional": true
        },
        "redis": {
          "optional": true
        },
        "sql.js": {
          "optional": true
        },
        "sqlite3": {
          "optional": true
        },
        "ts-node": {
          "optional": true
        },
        "typeorm-aurora-data-api-driver": {
          "optional": true
        }
      }
    },
    "../../node_modules/.pnpm/typescript@4.7.3/node_modules/typescript": {
      "version": "4.7.3",
      "license": "Apache-2.0",
      "bin": {
        "tsc": "bin/tsc",
        "tsserver": "bin/tsserver"
      },
      "devDependencies": {
        "@octokit/rest": "latest",
        "@types/chai": "latest",
        "@types/convert-source-map": "latest",
        "@types/glob": "latest",
        "@types/gulp": "^4.0.9",
        "@types/gulp-concat": "latest",
        "@types/gulp-newer": "latest",
        "@types/gulp-rename": "0.0.33",
        "@types/gulp-sourcemaps": "0.0.32",
        "@types/merge2": "latest",
        "@types/microsoft__typescript-etw": "latest",
        "@types/minimatch": "latest",
        "@types/minimist": "latest",
        "@types/mkdirp": "latest",
        "@types/mocha": "latest",
        "@types/ms": "latest",
        "@types/node": "latest",
        "@types/node-fetch": "^2.3.4",
        "@types/q": "latest",
        "@types/source-map-support": "latest",
        "@types/xml2js": "^0.4.0",
        "@typescript-eslint/eslint-plugin": "^4.28.0",
        "@typescript-eslint/experimental-utils": "^4.28.0",
        "@typescript-eslint/parser": "^4.28.0",
        "async": "latest",
        "azure-devops-node-api": "^11.0.1",
        "chai": "latest",
        "chalk": "^4.1.2",
        "convert-source-map": "latest",
        "del": "5.1.0",
        "diff": "^4.0.2",
        "eslint": "7.12.1",
        "eslint-formatter-autolinkable-stylish": "1.1.4",
        "eslint-plugin-import": "2.22.1",
        "eslint-plugin-jsdoc": "30.7.6",
        "eslint-plugin-no-null": "1.0.2",
        "fancy-log": "latest",
        "fs-extra": "^9.0.0",
        "glob": "latest",
        "gulp": "^4.0.0",
        "gulp-concat": "latest",
        "gulp-insert": "latest",
        "gulp-newer": "latest",
        "gulp-rename": "latest",
        "gulp-sourcemaps": "latest",
        "merge2": "latest",
        "minimist": "latest",
        "mkdirp": "latest",
        "mocha": "latest",
        "mocha-fivemat-progress-reporter": "latest",
        "ms": "^2.1.3",
        "node-fetch": "^2.6.1",
        "prex": "^0.4.3",
        "q": "latest",
        "source-map-support": "latest",
        "typescript": "^4.5.5",
        "vinyl": "latest",
        "vinyl-sourcemaps-apply": "latest",
        "xml2js": "^0.4.19"
      },
      "engines": {
        "node": ">=4.2.0"
      }
    },
    "node_modules/@types/express": {
      "resolved": "../../node_modules/.pnpm/@types+express@4.17.13/node_modules/@types/express",
      "link": true
    },
    "node_modules/@types/node": {
      "resolved": "../../node_modules/.pnpm/@types+node@18.0.0/node_modules/@types/node",
      "link": true
    },
    "node_modules/dotenv": {
      "resolved": "../../node_modules/.pnpm/dotenv@16.0.1/node_modules/dotenv",
      "link": true
    },
    "node_modules/express": {
      "resolved": "../../node_modules/.pnpm/express@4.18.1/node_modules/express",
      "link": true
    },
    "node_modules/nodemon": {
      "resolved": "../../node_modules/.pnpm/nodemon@2.0.16/node_modules/nodemon",
      "link": true
    },
    "node_modules/pg": {
      "resolved": "../../node_modules/.pnpm/pg@8.7.3/node_modules/pg",
      "link": true
    },
    "node_modules/reflect-metadata": {
      "resolved": "../../node_modules/.pnpm/reflect-metadata@0.1.13/node_modules/reflect-metadata",
      "link": true
    },
    "node_modules/ts-node": {
      "resolved": "../../node_modules/.pnpm/ts-node@10.8.1_b7efa985ab8492bc20421895ecc875ff/node_modules/ts-node",
      "link": true
    },
    "node_modules/typeorm": {
      "resolved": "../../node_modules/.pnpm/typeorm@0.3.6_pg@8.7.3+ts-node@10.8.1/node_modules/typeorm",
      "link": true
    },
    "node_modules/typescript": {
      "resolved": "../../node_modules/.pnpm/typescript@4.7.3/node_modules/typescript",
      "link": true
    }
  },
  "dependencies": {
    "@types/express": {
      "version": "file:../../node_modules/.pnpm/@types+express@4.17.13/node_modules/@types/express",
      "requires": {
        "@types/body-parser": "*",
        "@types/express-serve-static-core": "^4.17.18",
        "@types/qs": "*",
        "@types/serve-static": "*"
      }
    },
    "@types/node": {
      "version": "file:../../node_modules/.pnpm/@types+node@18.0.0/node_modules/@types/node"
    },
    "dotenv": {
      "version": "file:../../node_modules/.pnpm/dotenv@16.0.1/node_modules/dotenv",
      "requires": {
        "@types/node": "^17.0.9",
        "decache": "^4.6.1",
        "dtslint": "^3.7.0",
        "sinon": "^12.0.1",
        "standard": "^16.0.4",
        "standard-markdown": "^7.1.0",
        "standard-version": "^9.3.2",
        "tap": "^15.1.6",
        "tar": "^6.1.11",
        "typescript": "^4.5.4"
      }
    },
    "express": {
      "version": "file:../../node_modules/.pnpm/express@4.18.1/node_modules/express",
      "requires": {
        "accepts": "~1.3.8",
        "after": "0.8.2",
        "array-flatten": "1.1.1",
        "body-parser": "1.20.0",
        "connect-redis": "3.4.2",
        "content-disposition": "0.5.4",
        "content-type": "~1.0.4",
        "cookie": "0.5.0",
        "cookie-parser": "1.4.6",
        "cookie-session": "2.0.0",
        "cookie-signature": "1.0.6",
        "debug": "2.6.9",
        "depd": "2.0.0",
        "ejs": "3.1.7",
        "encodeurl": "~1.0.2",
        "escape-html": "~1.0.3",
        "eslint": "7.32.0",
        "etag": "~1.8.1",
        "express-session": "1.17.2",
        "finalhandler": "1.2.0",
        "fresh": "0.5.2",
        "hbs": "4.2.0",
        "http-errors": "2.0.0",
        "marked": "0.7.0",
        "merge-descriptors": "1.0.1",
        "method-override": "3.0.0",
        "methods": "~1.1.2",
        "mocha": "9.2.2",
        "morgan": "1.10.0",
        "multiparty": "4.2.3",
        "nyc": "15.1.0",
        "on-finished": "2.4.1",
        "parseurl": "~1.3.3",
        "path-to-regexp": "0.1.7",
        "pbkdf2-password": "1.2.1",
        "proxy-addr": "~2.0.7",
        "qs": "6.10.3",
        "range-parser": "~1.2.1",
        "safe-buffer": "5.2.1",
        "send": "0.18.0",
        "serve-static": "1.15.0",
        "setprototypeof": "1.2.0",
        "statuses": "2.0.1",
        "supertest": "6.2.3",
        "type-is": "~1.6.18",
        "utils-merge": "1.0.1",
        "vary": "~1.1.2",
        "vhost": "~3.0.2"
      }
    },
    "nodemon": {
      "version": "file:../../node_modules/.pnpm/nodemon@2.0.16/node_modules/nodemon",
      "requires": {
        "@commitlint/cli": "^11.0.0",
        "@commitlint/config-conventional": "^11.0.0",
        "async": "1.4.2",
        "chokidar": "^3.5.2",
        "coffee-script": "~1.7.1",
        "debug": "^3.2.7",
        "eslint": "^7.32.0",
        "husky": "^7.0.4",
        "ignore-by-default": "^1.0.1",
        "minimatch": "^3.0.4",
        "mocha": "^2.5.3",
        "nyc": "^15.1.0",
        "proxyquire": "^1.8.0",
        "pstree.remy": "^1.1.8",
        "semantic-release": "^18.0.0",
        "semver": "^5.7.1",
        "should": "~4.0.0",
        "supports-color": "^5.5.0",
        "touch": "^3.1.0",
        "undefsafe": "^2.0.5",
        "update-notifier": "^5.1.0"
      }
    },
    "pg": {
      "version": "file:../../node_modules/.pnpm/pg@8.7.3/node_modules/pg",
      "requires": {
        "async": "0.9.0",
        "bluebird": "3.5.2",
        "buffer-writer": "2.0.0",
        "co": "4.6.0",
        "packet-reader": "1.0.0",
        "pg-connection-string": "^2.5.0",
        "pg-copy-streams": "0.3.0",
        "pg-pool": "^3.5.1",
        "pg-protocol": "^1.5.0",
        "pg-types": "^2.1.0",
        "pgpass": "1.x"
      }
    },
    "reflect-metadata": {
      "version": "file:../../node_modules/.pnpm/reflect-metadata@0.1.13/node_modules/reflect-metadata",
      "requires": {
        "@types/chai": "^3.4.34",
        "@types/mocha": "^2.2.34",
        "@types/node": "^6.0.52",
        "chai": "^3.5.0",
        "del": "^2.2.2",
        "ecmarkup": "^3.9.3",
        "gulp": "^3.9.1",
        "gulp-emu": "^1.1.0",
        "gulp-live-server": "0.0.30",
        "gulp-mocha": "^3.0.1",
        "gulp-rename": "^1.2.2",
        "gulp-sequence": "^0.4.6",
        "gulp-tsb": "^2.0.3",
        "mocha": "^3.2.0",
        "typescript": "^2.1.4"
      }
    },
    "ts-node": {
      "version": "file:../../node_modules/.pnpm/ts-node@10.8.1_b7efa985ab8492bc20421895ecc875ff/node_modules/ts-node",
      "requires": {
        "@cspotcode/source-map-support": "^0.8.0",
        "@microsoft/api-extractor": "^7.19.4",
        "@swc/core": ">=1.2.50",
        "@swc/wasm": ">=1.2.50",
        "@tsconfig/node10": "^1.0.7",
        "@tsconfig/node12": "^1.0.7",
        "@tsconfig/node14": "^1.0.0",
        "@tsconfig/node16": "^1.0.2",
        "@types/diff": "^4.0.2",
        "@types/lodash": "^4.14.151",
        "@types/node": "13.13.5",
        "@types/proper-lockfile": "^4.1.2",
        "@types/proxyquire": "^1.3.28",
        "@types/react": "^16.14.19",
        "@types/rimraf": "^3.0.0",
        "@types/semver": "^7.1.0",
        "@yarnpkg/fslib": "^2.4.0",
        "acorn": "^8.4.1",
        "acorn-walk": "^8.1.1",
        "arg": "^4.1.0",
        "ava": "^3.15.0",
        "axios": "^0.21.1",
        "create-require": "^1.1.0",
        "diff": "^4.0.1",
        "dprint": "^0.25.0",
        "expect": "^27.0.2",
        "get-stream": "^6.0.0",
        "lodash": "^4.17.15",
        "make-error": "^1.1.1",
        "ntypescript": "^1.201507091536.1",
        "nyc": "^15.0.1",
        "proper-lockfile": "^4.1.2",
        "proxyquire": "^2.0.0",
        "react": "^16.14.0",
        "rimraf": "^3.0.0",
        "semver": "^7.1.3",
        "throat": "^6.0.1",
        "typedoc": "^0.22.10",
        "typescript": "4.7.2",
        "typescript-json-schema": "^0.53.0",
        "util.promisify": "^1.0.1",
        "v8-compile-cache-lib": "^3.0.1",
        "yn": "3.1.1"
      }
    },
    "typeorm": {
      "version": "file:../../node_modules/.pnpm/typeorm@0.3.6_pg@8.7.3+ts-node@10.8.1/node_modules/typeorm",
      "requires": {
        "@sqltools/formatter": "^1.2.2",
        "@types/app-root-path": "^1.2.4",
        "@types/chai": "^4.2.15",
        "@types/chai-as-promised": "^7.1.3",
        "@types/debug": "^4.1.5",
        "@types/js-yaml": "^4.0.0",
        "@types/mkdirp": "^1.0.1",
        "@types/mocha": "^8.2.1",
        "@types/node": "^14.14.31",
        "@types/rimraf": "^3.0.0",
        "@types/sha.js": "^2.4.0",
        "@types/sinon": "^9.0.10",
        "@types/source-map-support": "^0.5.3",
        "@types/uuid": "^8.3.4",
        "@types/xml2js": "^0.4.8",
        "@types/yargs": "^17.0.2",
        "app-root-path": "^3.0.0",
        "better-sqlite3": "^7.1.2",
        "buffer": "^6.0.3",
        "chai": "^4.3.0",
        "chai-as-promised": "^7.1.1",
        "chalk": "^4.1.0",
        "class-transformer": "^0.4.0",
        "cli-highlight": "^2.1.11",
        "conventional-changelog-angular": "^5.0.12",
        "conventional-changelog-cli": "^2.1.1",
        "date-fns": "^2.28.0",
        "debug": "^4.3.3",
        "del": "^6.0.0",
        "dotenv": "^16.0.0",
        "glob": "^7.2.0",
        "gulp": "^4.0.2",
        "gulp-istanbul": "^1.1.3",
        "gulp-mocha": "^8.0.0",
        "gulp-rename": "^2.0.0",
        "gulp-replace": "^1.0.0",
        "gulp-shell": "^0.8.0",
        "gulp-sourcemaps": "^3.0.0",
        "gulp-typescript": "^6.0.0-alpha.1",
        "gulpclass": "^0.2.0",
        "husky": "^5.1.1",
        "js-yaml": "^4.1.0",
        "mkdirp": "^1.0.4",
        "mocha": "^8.3.0",
        "mongodb": "^3.6.4",
        "mssql": "^7.3.0",
        "mysql": "^2.18.1",
        "mysql2": "^2.2.5",
        "pg": "^8.5.1",
        "pg-query-stream": "^4.0.0",
        "prettier": "^2.5.1",
        "redis": "^3.1.1",
        "reflect-metadata": "^0.1.13",
        "remap-istanbul": "^0.13.0",
        "rimraf": "^3.0.2",
        "sha.js": "^2.4.11",
        "sinon": "^9.2.4",
        "sinon-chai": "^3.5.0",
        "source-map-support": "^0.5.19",
        "sql.js": "^1.4.0",
        "sqlite3": "^5.0.2",
        "ts-node": "^10.7.0",
        "tslib": "^2.3.1",
        "typeorm-aurora-data-api-driver": "^2.0.0",
        "typescript": "^4.6.2",
        "uuid": "^8.3.2",
        "xml2js": "^0.4.23",
        "yargs": "^17.3.1"
      }
    },
    "typescript": {
      "version": "file:../../node_modules/.pnpm/typescript@4.7.3/node_modules/typescript",
      "requires": {
        "@octokit/rest": "latest",
        "@types/chai": "latest",
        "@types/convert-source-map": "latest",
        "@types/glob": "latest",
        "@types/gulp": "^4.0.9",
        "@types/gulp-concat": "latest",
        "@types/gulp-newer": "latest",
        "@types/gulp-rename": "0.0.33",
        "@types/gulp-sourcemaps": "0.0.32",
        "@types/merge2": "latest",
        "@types/microsoft__typescript-etw": "latest",
        "@types/minimatch": "latest",
        "@types/minimist": "latest",
        "@types/mkdirp": "latest",
        "@types/mocha": "latest",
        "@types/ms": "latest",
        "@types/node": "latest",
        "@types/node-fetch": "^2.3.4",
        "@types/q": "latest",
        "@types/source-map-support": "latest",
        "@types/xml2js": "^0.4.0",
        "@typescript-eslint/eslint-plugin": "^4.28.0",
        "@typescript-eslint/experimental-utils": "^4.28.0",
        "@typescript-eslint/parser": "^4.28.0",
        "async": "latest",
        "azure-devops-node-api": "^11.0.1",
        "chai": "latest",
        "chalk": "^4.1.2",
        "convert-source-map": "latest",
        "del": "5.1.0",
        "diff": "^4.0.2",
        "eslint": "7.12.1",
        "eslint-formatter-autolinkable-stylish": "1.1.4",
        "eslint-plugin-import": "2.22.1",
        "eslint-plugin-jsdoc": "30.7.6",
        "eslint-plugin-no-null": "1.0.2",
        "fancy-log": "latest",
        "fs-extra": "^9.0.0",
        "glob": "latest",
        "gulp": "^4.0.0",
        "gulp-concat": "latest",
        "gulp-insert": "latest",
        "gulp-newer": "latest",
        "gulp-rename": "latest",
        "gulp-sourcemaps": "latest",
        "merge2": "latest",
        "minimist": "latest",
        "mkdirp": "latest",
        "mocha": "latest",
        "mocha-fivemat-progress-reporter": "latest",
        "ms": "^2.1.3",
        "node-fetch": "^2.6.1",
        "prex": "^0.4.3",
        "q": "latest",
        "source-map-support": "latest",
        "typescript": "^4.5.5",
        "vinyl": "latest",
        "vinyl-sourcemaps-apply": "latest",
        "xml2js": "^0.4.19"
      }
    }
  }
}
